{
  "name": "minecraft-forge-afk-bot",
  "version": "1.0.0",
  "lockfileVersion": 3,
  "requires": true,
  "packages": {
    "": {
      "name": "minecraft-forge-afk-bot",
      "version": "1.0.0",
      "license": "MIT",
      "dependencies": {
        "mineflayer": "^4.10.0"
      },
      "engines": {
        "node": ">=18.0.0",
        "npm": ">=9.0.0"
      }
    },
    "node_modules/ansi-styles": {
      "version": "4.3.0",
      "resolved": "https://registry.npmjs.org/ansi-styles/-/ansi-styles-4.3.0.tgz",
      "integrity": "sha512-zbB9rCJAT1rbjiVDb2hqKFHNYLxgtk8NURxZ3IZwD3F6NtxbXZQCnnSi1Lkx+IDohdPlFp222wVALIheZJQSEg==",
      "dependencies": {
        "color-convert": "^2.0.1"
      },
      "engines": {
        "node": ">=8"
      },
      "funding": {
        "url": "https://github.com/chalk/ansi-styles?sponsor=1"
      }
    },
    "node_modules/chalk": {
      "version": "4.1.2",
      "resolved": "https://registry.npmjs.org/chalk/-/chalk-4.1.2.tgz",
      "integrity": "sha512-oKnbhFyRIXpUuez8iBMmyEa4nbj4IOQyuhc/wy9kY7/WVPcwIO9VA668Pu8RkO7+0G76SLROeyw9CpQ061i4mA==",
      "dependencies": {
        "ansi-styles": "^4.1.0",
        "supports-color": "^7.1.0"
      },
      "engines": {
        "node": ">=10"
      },
      "funding": {
        "url": "https://github.com/chalk/chalk?sponsor=1"
      }
    },
    "node_modules/color-convert": {
      "version": "2.0.1",
      "resolved": "https://registry.npmjs.org/color-convert/-/color-convert-2.0.1.tgz",
      "integrity": "sha512-RRECPsj7iu/xb5oKYcsFHSppFNnsj/52OVTRKb4zP5onXwVF3zVmmToNcOfGC+CRDpfK/U584fMg38ZHCaElKQ==",
      "dependencies": {
        "color-name": "~1.1.4"
      },
      "engines": {
        "node": ">=7.0.0"
      }
    },
    "node_modules/color-name": {
      "version": "1.1.4",
      "resolved": "https://registry.npmjs.org/color-name/-/color-name-1.1.4.tgz",
      "integrity": "sha512-dOy+3AuW3a2wNbZHIuMZpTcgjGuLU/uBL/ubcZF9OXbDo8ff4O8yVp5Bf0efS8uEoYo5q4Fx7dY9OgQGXgAsQA=="
    },
    "node_modules/has-flag": {
      "version": "4.0.0",
      "resolved": "https://registry.npmjs.org/has-flag/-/has-flag-4.0.0.tgz",
      "integrity": "sha512-EykJT/Q1KjTWctppgIAgfSO0tKVuZUjhgMr17kqTumMl6Afv3EISleU7qZUzoXDFTAHTDC4NOoG/ZxU3EvlMPQ==",
      "engines": {
        "node": ">=8"
      }
    },
    "node_modules/mineflayer": {
      "version": "4.10.0",
      "resolved": "https://registry.npmjs.org/mineflayer/-/mineflayer-4.10.0.tgz",
      "integrity": "sha512-LgHx96GR3VKRL4wkg9KKLMLd44Zlj5EP0Y19r1cFqHxybC/DsU1fsK9iB5H4wLL9ZxrgM4c+E/A44C7T9uB66w==",
      "dependencies": {
        "chalk": "^4.1.0",
        "minecraft-protocol": "^1.43.0",
        "prismarine-biome": "^1.0.0",
        "prismarine-block": "^1.8.1",
        "prismarine-chat": "^1.1.0",
        "prismarine-chunk": "^1.37.0",
        "prismarine-entity": "^2.3.0",
        "prismarine-item": "^1.12.2",
        "prismarine-nbt": "^2.5.0",
        "prismarine-physics": "^1.5.0",
        "prismarine-recipe": "^2.4.0",
        "prismarine-registry": "^1.5.0",
        "prismarine-windows": "^3.11.0",
        "prismarine-world": "^4.7.0",
        "vec3": "^0.1.8"
      }
    },
    "node_modules/minecraft-protocol": {
      "version": "1.43.0",
      "resolved": "https://registry.npmjs.org/minecraft-protocol/-/minecraft-protocol-1.43.0.tgz",
      "integrity": "sha512-7a3XG3PE8Q5TT5+sk5Zg9uKVp7xfW+wqKq0y4f3AMc2oNv7lS4EJm8Y45mS9QxMqzQUsjX3nIJ/eLpKZTs+6zg==",
      "dependencies": {
        "prismarine-auth": "^2.3.0",
        "prismarine-nbt": "^2.5.0",
        "uuid": "^9.0.0"
      }
    },
    "node_modules/prismarine-auth": {
      "version": "2.3.0",
      "resolved": "https://registry.npmjs.org/prismarine-auth/-/prismarine-auth-2.3.0.tgz",
      "integrity": "sha512-GT0TLlxkfd33C/ziq9+7uQ3tVgL1tbZkfjB9oYsl0DmtIqJPAqwL41rJQJKsZ0QJwD7eLRJokCyTRL8IXxw+qg=="
    },
    "node_modules/prismarine-biome": {
      "version": "1.0.0",
      "resolved": "https://registry.npmjs.org/prismarine-biome/-/prismarine-biome-1.0.0.tgz",
      "integrity": "sha512-WFJ8deQb9pEtJklxZqUQOOWKfNKrxPIC4cTQLjvT4Yfydi1a6H4t/HH4LlnVw1dFbU4B1yL36yO1yCFeZq7Ig=="
    },
    "node_modules/prismarine-block": {
      "version": "1.8.1",
      "resolved": "https://registry.npmjs.org/prismarine-block/-/prismarine-block-1.8.1.tgz",
      "integrity": "sha512-EzFwF8+8L8SfGRMfnX2sY+e1Rg4Dy6nFQcszgT9AuxxPNVZRZX2OOC1+dygsgPqoJX2dzt4e4LJxx44N4IvsYw=="
    },
    "node_modules/prismarine-chat": {
      "version": "1.1.0",
      "resolved": "https://registry.npmjs.org/prismarine-chat/-/prismarine-chat-1.1.0.tgz",
      "integrity": "sha512-OSF+Y3hWp4Cypm33yOufHeI6JmAL2BwpAwx94E9cgg6++l/a+gDmh/SWnFFT+1g5L0C8h3Dz4U7E3gAUnZ/Bgw=="
    },
    "node_modules/prismarine-chunk": {
      "version": "1.37.0",
      "resolved": "https://registry.npmjs.org/prismarine-chunk/-/prismarine-chunk-1.37.0.tgz",
      "integrity": "sha512-4pSn1JWRQ/fdHRXow/txEJIB0p2ARqvKb/pCkQeAr1vVR8D0K6k74F8p8uS2WphZ/+vnpTGLiTlf9Z5Ylx2GFw=="
    },
    "node_modules/prismarine-entity": {
      "version": "2.3.0",
      "resolved": "https://registry.npmjs.org/prismarine-entity/-/prismarine-entity-2.3.0.tgz",
      "integrity": "sha512-U/OFaKHy2qP3zAKvDB0qYr5oOXf3q3w6DzX2CFq6Z80JdbDAM0l9JyUZspw/H3TpUyJjoh66s8IA+exvotN7oQ=="
    },
    "node_modules/prismarine-item": {
      "version": "1.12.2",
      "resolved": "https://registry.npmjs.org/prismarine-item/-/prismarine-item-1.12.2.tgz",
      "integrity": "sha512-f9jfrNQz5NSuyEf7Jz2vffhO+JLRZ4V8KhO9S/Mq0B17Wz1m6yI8JaLffpbjq1j4MccD2a6IAqwL79IefDk4jA=="
    },
    "node_modules/prismarine-nbt": {
      "version": "2.5.0",
      "resolved": "https://registry.npmjs.org/prismarine-nbt/-/prismarine-nbt-2.5.0.tgz",
      "integrity": "sha512-ziELWjG3+5O5sUf/k3yRQnPJgfdsxIZ07eL2SdLjch2toWw5nj9cbe0q8j3pl8nP66P8sM7XNH3D0PE7c1IM0w=="
    },
    "node_modules/prismarine-physics": {
      "version": "1.5.0",
      "resolved": "https://registry.npmjs.org/prismarine-physics/-/prismarine-physics-1.5.0.tgz",
      "integrity": "sha512-Z6d+NOuEA0oOh3V1+75n77eZThm2JQxS+uTp2Z3fESBQCNdO8LE/HNq99MReQY7q20AAvNGT4dEQ9U4Jhl9xbg=="
    },
    "node_modules/prismarine-recipe": {
      "version": "2.4.0",
      "resolved": "https://registry.npmjs.org/prismarine-recipe/-/prismarine-recipe-2.4.0.tgz",
      "integrity": "sha512-l6oY0nq4W+7SVFQxXU9m7YauR2S6Wde7ulGswB3aSyFOP0iikEPw5X5+npYZcUhW2HqoyXjkNO5SNJSm8uyLmQ=="
    },
    "node_modules/prismarine-registry": {
      "version": "1.5.0",
      "resolved": "https://registry.npmjs.org/prismarine-registry/-/prismarine-registry-1.5.0.tgz",
      "integrity": "sha512-Jr3FOTmUTlFgK3o64Rf0lHq1B3JvLCQfr6aIslAw0ftkI+9s6dapvYOh9gha1Gl/TD9VR16YZZS9aLbT4g5oUQ=="
    },
    "node_modules/prismarine-windows": {
      "version": "3.11.0",
      "resolved": "https://registry.npmjs.org/prismarine-windows/-/prismarine-windows-3.11.0.tgz",
      "integrity": "sha512-s2kL11B9Pr7oM7mxx0L9ptXvXh+51uDxfWZ4N3j7GspQ46lHTCwHQJ7R5K1LViFmx06T8N1Am5Mnv0OYWYyqDA=="
    },
    "node_modules/prismarine-world": {
      "version": "4.7.0",
      "resolved": "https://registry.npmjs.org/prismarine-world/-/prismarine-world-4.7.0.tgz",
      "integrity": "sha512-sReYgRkHETVGG9fVRJhmXWix41hGpMFpkgqE8SNiN1Z6L8iDlNFAE71Y2svG/ql0iLXyZZi/eTZinRqkE2Xg/w=="
    },
    "node_modules/supports-color": {
      "version": "7.2.0",
      "resolved": "https://registry.npmjs.org/supports-color/-/supports-color-7.2.0.tgz",
      "integrity": "sha512-qpCAvRl9stuOHveKsn7HncJRvv501qIacKzQlO/+Lwxc9+0q2wLyv4Dfvt80/DPn2pqOBsJdDiogXGR9+OvwRw==",
      "dependencies": {
        "has-flag": "^4.0.0"
      },
      "engines": {
        "node": ">=8"
      }
    },
    "node_modules/uuid": {
      "version": "9.0.1",
      "resolved": "https://registry.npmjs.org/uuid/-/uuid-9.0.1.tgz",
      "integrity": "sha512-b+1eJOlsR9K8HJpow9Ok3fiWOWSIcIzXodvv0rQjVoOVNpWMpxf1wZNpt4y9h10odCNrqnYp1OBzRktckBe3sA==",
      "funding": [
        {
          "type": "github",
          "url": "https://github.com/sponsors/broofa"
        },
        {
          "type": "github",
          "url": "https://github.com/sponsors/ctavan"
        }
      ]
    },
    "node_modules/vec3": {
      "version": "0.1.8",
      "resolved": "https://registry.npmjs.org/vec3/-/vec3-0.1.8.tgz",
      "integrity": "sha512-oaqPTfssKkN2O3gXRQ0yP7Kvttd6M6U1jpdKFY4QpcC1txQBrf0nzYwzNnzAr2w8Nyr5iC2kjbJzP5xLfqH1mg=="
    }
  }
}
